
Microsoft Visual Studio Solution File, Format Version 12.00
# Visual Studio Version 17
VisualStudioVersion = 17.1.32421.90
MinimumVisualStudioVersion = 10.0.40219.1
Project("{FAE04EC0-301F-11D3-BF4B-00C04F79EFBC}") = "CA230413", "CA230413.csproj", "{9BD63E0C-FE19-4F07-BE62-91392F6ED27E}"
EndProject
Global
	GlobalSection(SolutionConfigurationPlatforms) = preSolution
		Debug|Any CPU = Debug|Any CPU
		Release|Any CPU = Release|Any CPU
	EndGlobalSection
	GlobalSection(ProjectConfigurationPlatforms) = postSolution
		{9BD63E0C-FE19-4F07-BE62-91392F6ED27E}.Debug|Any CPU.ActiveCfg = Debug|Any CPU
		{9BD63E0C-FE19-4F07-BE62-91392F6ED27E}.Debug|Any CPU.Build.0 = Debug|Any CPU
		{9BD63E0C-FE19-4F07-BE62-91392F6ED27E}.Release|Any CPU.ActiveCfg = Release|Any CPU
		{9BD63E0C-FE19-4F07-BE62-91392F6ED27E}.Release|Any CPU.Build.0 = Release|Any CPU
	EndGlobalSection
	GlobalSection(SolutionProperties) = preSolution
		HideSolutionNode = FALSE
	EndGlobalSection
	GlobalSection(ExtensibilityGlobals) = postSolution
		SolutionGuid = {4776680C-7A19-40DF-B173-625A73F105B1}
	EndGlobalSection
EndGlobal
